<?xml version="1.0" encoding="utf-8"?>
<Project ToolsVersion="4.0" xmlns="http://schemas.microsoft.com/developer/msbuild/2003">
  <ItemGroup>
    <Filter Include="Source Files">
      <UniqueIdentifier>{4FC737F1-C7A5-4376-A066-2A32D752A2FF}</UniqueIdentifier>
      <Extensions>cpp;c;cc;cxx;c++;cppm;ixx;def;odl;idl;hpj;bat;asm;asmx</Extensions>
    </Filter>
    <Filter Include="Header Files">
      <UniqueIdentifier>{93995380-89BD-4b04-88EB-625FBE52EBFB}</UniqueIdentifier>
      <Extensions>h;hh;hpp;hxx;h++;hm;inl;inc;ipp;xsd</Extensions>
    </Filter>
    <Filter Include="Resource Files">
      <UniqueIdentifier>{67DA6AB6-F800-4c08-8B7A-83BB121AAD01}</UniqueIdentifier>
      <Extensions>rc;ico;cur;bmp;dlg;rc2;rct;bin;rgs;gif;jpg;jpeg;jpe;resx;tiff;tif;png;wav;mfcribbon-ms</Extensions>
    </Filter>
  </ItemGroup>
  <ItemGroup>
    <ClCompile Include="DX11Renderer.cpp">
      <Filter>Source Files</Filter>
    </ClCompile>
    <ClCompile Include="NetworkManager.cpp">
      <Filter>Source Files</Filter>
    </ClCompile>
    <ClCompile Include="SoundManager.cpp">
      <Filter>Source Files</Filter>
    </ClCompile>
    <ClCompile Include="XMMODPlayer.cpp">
      <Filter>Source Files</Filter>
    </ClCompile>
    <ClCompile Include="SceneManager.cpp">
      <Filter>Source Files</Filter>
    </ClCompile>
    <ClCompile Include="ThreadManager.cpp">
      <Filter>Source Files</Filter>
    </ClCompile>
    <ClCompile Include="GUIManager.cpp">
      <Filter>Source Files</Filter>
    </ClCompile>
    <ClCompile Include="Debug.cpp">
      <Filter>Source Files</Filter>
    </ClCompile>
    <ClCompile Include="main.cpp">
      <Filter>Source Files</Filter>
    </ClCompile>
    <ClCompile Include="Configuration.cpp">
      <Filter>Source Files</Filter>
    </ClCompile>
    <ClCompile Include="Models.cpp">
      <Filter>Source Files</Filter>
    </ClCompile>
    <ClCompile Include="IOStreamDX11Thread.cpp">
      <Filter>Source Files</Filter>
    </ClCompile>
    <ClCompile Include="DXCamera.cpp">
      <Filter>Source Files</Filter>
    </ClCompile>
    <ClCompile Include="Joystick.cpp">
      <Filter>Source Files</Filter>
    </ClCompile>
    <ClCompile Include="WinSystem.cpp">
      <Filter>Source Files</Filter>
    </ClCompile>
    <ClCompile Include="WinMediaPlayer.cpp">
      <Filter>Source Files</Filter>
    </ClCompile>
    <ClCompile Include="GUIWindows.cpp">
      <Filter>Source Files</Filter>
    </ClCompile>
    <ClCompile Include="DX_FXManager.cpp">
      <Filter>Source Files</Filter>
    </ClCompile>
    <ClCompile Include="RendererFactory.cpp">
      <Filter>Source Files</Filter>
    </ClCompile>
    <ClCompile Include="Lights.cpp">
      <Filter>Source Files</Filter>
    </ClCompile>
    <ClCompile Include="MoviePlayer.cpp">
      <Filter>Source Files</Filter>
    </ClCompile>
    <ClCompile Include="MathPrecalculation.cpp">
      <Filter>Source Files</Filter>
    </ClCompile>
    <ClCompile Include="OpenGLRenderer.cpp">
      <Filter>Source Files</Filter>
    </ClCompile>
    <ClCompile Include="DX12Renderer.cpp">
      <Filter>Source Files</Filter>
    </ClCompile>
    <ClCompile Include="IOStreamDX12Thread.cpp">
      <Filter>Source Files</Filter>
    </ClCompile>
    <ClCompile Include="TTSManager.cpp">
      <Filter>Source Files</Filter>
    </ClCompile>
    <ClCompile Include="PUNPack.cpp">
      <Filter>Source Files</Filter>
    </ClCompile>
    <ClCompile Include="GamePlayer.cpp">
      <Filter>Source Files</Filter>
    </ClCompile>
    <ClCompile Include="GamingAI.cpp">
      <Filter>Source Files</Filter>
    </ClCompile>
    <ClCompile Include="FileIO.cpp">
      <Filter>Source Files</Filter>
    </ClCompile>
    <ClCompile Include="MyRandomizer.cpp">
      <Filter>Source Files</Filter>
    </ClCompile>
    <ClCompile Include="ExceptionHandler.cpp">
      <Filter>Source Files</Filter>
    </ClCompile>
    <ClCompile Include="ShaderManager.cpp">
      <Filter>Source Files</Filter>
    </ClCompile>
    <ClCompile Include="ShaderLoaders.cpp">
      <Filter>Source Files</Filter>
    </ClCompile>
    <ClCompile Include="DXRenderFrame.cpp">
      <Filter>Source Files</Filter>
    </ClCompile>
  </ItemGroup>
  <ItemGroup>
    <ClInclude Include="Color.h">
      <Filter>Header Files</Filter>
    </ClInclude>
    <ClInclude Include="Debug.h">
      <Filter>Header Files</Filter>
    </ClInclude>
    <ClInclude Include="DX11Renderer.h">
      <Filter>Header Files</Filter>
    </ClInclude>
    <ClInclude Include="GUIManager.h">
      <Filter>Header Files</Filter>
    </ClInclude>
    <ClInclude Include="NetworkManager.h">
      <Filter>Header Files</Filter>
    </ClInclude>
    <ClInclude Include="Renderer.h">
      <Filter>Header Files</Filter>
    </ClInclude>
    <ClInclude Include="SceneManager.h">
      <Filter>Header Files</Filter>
    </ClInclude>
    <ClInclude Include="SoundManager.h">
      <Filter>Header Files</Filter>
    </ClInclude>
    <ClInclude Include="ThreadManager.h">
      <Filter>Header Files</Filter>
    </ClInclude>
    <ClInclude Include="Vectors.h">
      <Filter>Header Files</Filter>
    </ClInclude>
    <ClInclude Include="XMMODPlayer.h">
      <Filter>Header Files</Filter>
    </ClInclude>
    <ClInclude Include="Configuration.h">
      <Filter>Header Files</Filter>
    </ClInclude>
    <ClInclude Include="Models.h">
      <Filter>Header Files</Filter>
    </ClInclude>
    <ClInclude Include="ConstantBuffer.h">
      <Filter>Header Files</Filter>
    </ClInclude>
    <ClInclude Include="IOStreamDX11Thread.h">
      <Filter>Header Files</Filter>
    </ClInclude>
    <ClInclude Include="DXCamera.h">
      <Filter>Header Files</Filter>
    </ClInclude>
    <ClInclude Include="Joystick.h">
      <Filter>Header Files</Filter>
    </ClInclude>
    <ClInclude Include="WinSystem.h">
      <Filter>Header Files</Filter>
    </ClInclude>
    <ClInclude Include="resource.h">
      <Filter>Header Files</Filter>
    </ClInclude>
    <ClInclude Include="WinMediaPlayer.h">
      <Filter>Header Files</Filter>
    </ClInclude>
    <ClInclude Include="DX_FXManager.h">
      <Filter>Header Files</Filter>
    </ClInclude>
    <ClInclude Include="Includes.h">
      <Filter>Header Files</Filter>
    </ClInclude>
    <ClInclude Include="VulkanRenderer.h">
      <Filter>Header Files</Filter>
    </ClInclude>
    <ClInclude Include="OpenGLRenderer.h">
      <Filter>Header Files</Filter>
    </ClInclude>
    <ClInclude Include="Lights.h">
      <Filter>Header Files</Filter>
    </ClInclude>
    <ClInclude Include="MoviePlayer.h">
      <Filter>Header Files</Filter>
    </ClInclude>
    <ClInclude Include="ThreadLockHelper.h">
      <Filter>Header Files</Filter>
    </ClInclude>
    <ClInclude Include="MathPrecalculation.h">
      <Filter>Header Files</Filter>
    </ClInclude>
    <ClInclude Include="DX12Renderer.h">
      <Filter>Header Files</Filter>
    </ClInclude>
    <ClInclude Include="IOStreamDX12Thread.h">
      <Filter>Header Files</Filter>
    </ClInclude>
    <ClInclude Include="TTSManager.h">
      <Filter>Header Files</Filter>
    </ClInclude>
    <ClInclude Include="PUNPack.h">
      <Filter>Header Files</Filter>
    </ClInclude>
    <ClInclude Include="GamePlayer.h">
      <Filter>Header Files</Filter>
    </ClInclude>
    <ClInclude Include="GamingAI.h">
      <Filter>Header Files</Filter>
    </ClInclude>
    <ClInclude Include="FileIO.h">
      <Filter>Header Files</Filter>
    </ClInclude>
    <ClInclude Include="MyRandomizer.h">
      <Filter>Header Files</Filter>
    </ClInclude>
    <ClInclude Include="ExceptionHandler.h">
      <Filter>Header Files</Filter>
    </ClInclude>
    <ClInclude Include="ShaderManager.h">
      <Filter>Header Files</Filter>
    </ClInclude>
  </ItemGroup>
  <ItemGroup>
    <Image Include="CrossPlatformGameEngine.ico">
      <Filter>Resource Files</Filter>
    </Image>
  </ItemGroup>
  <ItemGroup>
    <ResourceCompile Include="CrossPlatformGameEngine.rc">
      <Filter>Resource Files</Filter>
    </ResourceCompile>
  </ItemGroup>
</Project>